PODS:
  - KeychainAccess (3.1.2)

DEPENDENCIES:
  - KeychainAccess (= 3.1.2)

SPEC REPOS:
  https://github.com/cocoapods/specs.git:
    - KeychainAccess

SPEC CHECKSUMS:
  KeychainAccess: b3816fddcf28aa29d94b10ec305cd52be14c472b

PODFILE CHECKSUM: a676396cbae51e5a6bac480d6b8d92b81dcc7ce4

COCOAPODS: 1.5.3
