PODS:
  - KeychainAccess (3.1.1)

DEPENDENCIES:
  - KeychainAccess (= 3.1.1)

SPEC REPOS:
  https://github.com/cocoapods/specs.git:
    - KeychainAccess

SPEC CHECKSUMS:
  KeychainAccess: 7bd430028059754a3debab3cfc0bd1fc7fb85df3

PODFILE CHECKSUM: 252d5377b931f703238854e56df200aab4d237d9

COCOAPODS: 1.5.3
